# This file was autogenerated by Stack.
# You should not edit this file by hand.
# For more information, please see the documentation at:
#   https://docs.haskellstack.org/en/stable/topics/lock_files

packages:
- completed:
    commit: a898b3bfb0ac65183870e320dea29c3d4696b5c2
    git: https://github.com/mrkline/hoare.git
    name: hoare
    pantry-tree:
      sha256: e642d15c9059917fc18d88a772be29644194b237ae98d5331d837be2a75f8408
      size: 617
    version: 0.1.2.0
  original:
    commit: a898b3bfb0ac65183870e320dea29c3d4696b5c2
    git: https://github.com/mrkline/hoare.git
snapshots:
- completed:
    sha256: 4bc8e0388916c4000645c068dff642482d6ed1b68b747c2d4d444857979963e0
    size: 726334
    url: https://raw.githubusercontent.com/commercialhaskell/stackage-snapshots/master/lts/24/24.yaml
  original: lts-24.24
